
Microsoft Visual Studio Solution File, Format Version 12.00
# Visual Studio Version 17
VisualStudioVersion = 17.1.32407.343
MinimumVisualStudioVersion = 10.0.40219.1
Project("{FAE04EC0-301F-11D3-BF4B-00C04F79EFBC}") = "EmguCV.demo5", "EmguCV.demo5\EmguCV.demo5.csproj", "{FF2B930B-F5A6-4ECF-86E3-8957E819E505}"
EndProject
Global
	GlobalSection(SolutionConfigurationPlatforms) = preSolution
		Debug|Any CPU = Debug|Any CPU
		Release|Any CPU = Release|Any CPU
	EndGlobalSection
	GlobalSection(ProjectConfigurationPlatforms) = postSolution
		{FF2B930B-F5A6-4ECF-86E3-8957E819E505}.Debug|Any CPU.ActiveCfg = Debug|Any CPU
		{FF2B930B-F5A6-4ECF-86E3-8957E819E505}.Debug|Any CPU.Build.0 = Debug|Any CPU
		{FF2B930B-F5A6-4ECF-86E3-8957E819E505}.Release|Any CPU.ActiveCfg = Release|Any CPU
		{FF2B930B-F5A6-4ECF-86E3-8957E819E505}.Release|Any CPU.Build.0 = Release|Any CPU
	EndGlobalSection
	GlobalSection(SolutionProperties) = preSolution
		HideSolutionNode = FALSE
	EndGlobalSection
	GlobalSection(ExtensibilityGlobals) = postSolution
		SolutionGuid = {CE1260AE-854A-4F8F-92AE-A2AE967A4629}
	EndGlobalSection
EndGlobal
